
Microsoft Visual Studio Solution File, Format Version 12.00
# Visual Studio 15
VisualStudioVersion = 15.0.27703.2042
MinimumVisualStudioVersion = 10.0.40219.1
Project("{9A19103F-16F7-4668-BE54-9A1E7A4F7556}") = "PushGonderWebAPIV1", "PushGonderWebAPIV1\PushGonderWebAPIV1.csproj", "{CAAC0CA4-C974-4530-8458-CBC96A3690E4}"
EndProject
Project("{FAE04EC0-301F-11D3-BF4B-00C04F79EFBC}") = "WindowsService1", "WindowsService1\WindowsService1.csproj", "{73360672-990F-4164-9798-04B3FEE31BA3}"
EndProject
Project("{9A19103F-16F7-4668-BE54-9A1E7A4F7556}") = "Push.Business", "Push.Business\Push.Business.csproj", "{83EF06EF-4B50-4D5A-B44B-3C47EAA8EF57}"
EndProject
Project("{9A19103F-16F7-4668-BE54-9A1E7A4F7556}") = "Push.DataAccess", "Push.DataAccess\Push.DataAccess.csproj", "{F080BE91-890C-436E-80ED-9BD42A4556E8}"
EndProject
Project("{9A19103F-16F7-4668-BE54-9A1E7A4F7556}") = "Push.Entity", "Push.Entity\Push.Entity.csproj", "{9D458B64-5F3F-4B8D-9BAD-44827DAA4877}"
EndProject
Project("{9A19103F-16F7-4668-BE54-9A1E7A4F7556}") = "Push.Core", "Push.Core\Push.Core.csproj", "{31CE9CA3-8F82-4CC1-A0E6-351DFA27E7A4}"
EndProject
Project("{54435603-DBB4-11D2-8724-00A0C9A8B90C}") = "SetupPushService", "SetupPushService\SetupPushService.vdproj", "{E4DF7A41-4F09-48D0-9182-DE617D2219D8}"
EndProject
Global
	GlobalSection(SolutionConfigurationPlatforms) = preSolution
		Debug|Any CPU = Debug|Any CPU
		Release|Any CPU = Release|Any CPU
	EndGlobalSection
	GlobalSection(ProjectConfigurationPlatforms) = postSolution
		{CAAC0CA4-C974-4530-8458-CBC96A3690E4}.Debug|Any CPU.ActiveCfg = Debug|Any CPU
		{CAAC0CA4-C974-4530-8458-CBC96A3690E4}.Debug|Any CPU.Build.0 = Debug|Any CPU
		{CAAC0CA4-C974-4530-8458-CBC96A3690E4}.Release|Any CPU.ActiveCfg = Release|Any CPU
		{CAAC0CA4-C974-4530-8458-CBC96A3690E4}.Release|Any CPU.Build.0 = Release|Any CPU
		{73360672-990F-4164-9798-04B3FEE31BA3}.Debug|Any CPU.ActiveCfg = Debug|Any CPU
		{73360672-990F-4164-9798-04B3FEE31BA3}.Debug|Any CPU.Build.0 = Debug|Any CPU
		{73360672-990F-4164-9798-04B3FEE31BA3}.Release|Any CPU.ActiveCfg = Release|Any CPU
		{73360672-990F-4164-9798-04B3FEE31BA3}.Release|Any CPU.Build.0 = Release|Any CPU
		{83EF06EF-4B50-4D5A-B44B-3C47EAA8EF57}.Debug|Any CPU.ActiveCfg = Debug|Any CPU
		{83EF06EF-4B50-4D5A-B44B-3C47EAA8EF57}.Debug|Any CPU.Build.0 = Debug|Any CPU
		{83EF06EF-4B50-4D5A-B44B-3C47EAA8EF57}.Release|Any CPU.ActiveCfg = Release|Any CPU
		{83EF06EF-4B50-4D5A-B44B-3C47EAA8EF57}.Release|Any CPU.Build.0 = Release|Any CPU
		{F080BE91-890C-436E-80ED-9BD42A4556E8}.Debug|Any CPU.ActiveCfg = Debug|Any CPU
		{F080BE91-890C-436E-80ED-9BD42A4556E8}.Debug|Any CPU.Build.0 = Debug|Any CPU
		{F080BE91-890C-436E-80ED-9BD42A4556E8}.Release|Any CPU.ActiveCfg = Release|Any CPU
		{F080BE91-890C-436E-80ED-9BD42A4556E8}.Release|Any CPU.Build.0 = Release|Any CPU
		{9D458B64-5F3F-4B8D-9BAD-44827DAA4877}.Debug|Any CPU.ActiveCfg = Debug|Any CPU
		{9D458B64-5F3F-4B8D-9BAD-44827DAA4877}.Debug|Any CPU.Build.0 = Debug|Any CPU
		{9D458B64-5F3F-4B8D-9BAD-44827DAA4877}.Release|Any CPU.ActiveCfg = Release|Any CPU
		{9D458B64-5F3F-4B8D-9BAD-44827DAA4877}.Release|Any CPU.Build.0 = Release|Any CPU
		{31CE9CA3-8F82-4CC1-A0E6-351DFA27E7A4}.Debug|Any CPU.ActiveCfg = Debug|Any CPU
		{31CE9CA3-8F82-4CC1-A0E6-351DFA27E7A4}.Debug|Any CPU.Build.0 = Debug|Any CPU
		{31CE9CA3-8F82-4CC1-A0E6-351DFA27E7A4}.Release|Any CPU.ActiveCfg = Release|Any CPU
		{31CE9CA3-8F82-4CC1-A0E6-351DFA27E7A4}.Release|Any CPU.Build.0 = Release|Any CPU
		{E4DF7A41-4F09-48D0-9182-DE617D2219D8}.Debug|Any CPU.ActiveCfg = Debug
		{E4DF7A41-4F09-48D0-9182-DE617D2219D8}.Release|Any CPU.ActiveCfg = Release
	EndGlobalSection
	GlobalSection(SolutionProperties) = preSolution
		HideSolutionNode = FALSE
	EndGlobalSection
	GlobalSection(ExtensibilityGlobals) = postSolution
		SolutionGuid = {D19D04FE-6600-440A-B644-1CCA41918EDF}
	EndGlobalSection
EndGlobal
